// !$*UTF8*$!
{
	archiveVersion = 1;
	classes = {
	};
	objectVersion = 50;
	objects = {

/* Begin PBXBuildFile section */
		228BF04724424FB60027D325 /* AppDelegate.swift in Sources */ = {isa = PBXBuildFile; fileRef = 228BF04624424FB60027D325 /* AppDelegate.swift */; };
		228BF04924424FB60027D325 /* SceneDelegate.swift in Sources */ = {isa = PBXBuildFile; fileRef = 228BF04824424FB60027D325 /* SceneDelegate.swift */; };
		228BF04B24424FB60027D325 /* ViewController.swift in Sources */ = {isa = PBXBuildFile; fileRef = 228BF04A24424FB60027D325 /* ViewController.swift */; };
		228BF04E24424FB60027D325 /* Main.storyboard in Resources */ = {isa = PBXBuildFile; fileRef = 228BF04C24424FB60027D325 /* Main.storyboard */; };
		228BF05024424FBB0027D325 /* Assets.xcassets in Resources */ = {isa = PBXBuildFile; fileRef = 228BF04F24424FBB0027D325 /* Assets.xcassets */; };
		228BF05324424FBB0027D325 /* LaunchScreen.storyboard in Resources */ = {isa = PBXBuildFile; fileRef = 228BF05124424FBB0027D325 /* LaunchScreen.storyboard */; };
		228BF05E24424FBB0027D325 /* ChattyTests.swift in Sources */ = {isa = PBXBuildFile; fileRef = 228BF05D24424FBB0027D325 /* ChattyTests.swift */; };
		228BF06924424FBB0027D325 /* ChattyUITests.swift in Sources */ = {isa = PBXBuildFile; fileRef = 228BF06824424FBB0027D325 /* ChattyUITests.swift */; };
/* End PBXBuildFile section */

/* Begin PBXContainerItemProxy section */
		228BF05A24424FBB0027D325 /* PBXContainerItemProxy */ = {
			isa = PBXContainerItemProxy;
			containerPortal = 228BF03B24424FB60027D325 /* Project object */;
			proxyType = 1;
			remoteGlobalIDString = 228BF04224424FB60027D325;
			remoteInfo = Chatty;
		};
		228BF06524424FBB0027D325 /* PBXContainerItemProxy */ = {
			isa = PBXContainerItemProxy;
			containerPortal = 228BF03B24424FB60027D325 /* Project object */;
			proxyType = 1;
			remoteGlobalIDString = 228BF04224424FB60027D325;
			remoteInfo = Chatty;
		};
/* End PBXContainerItemProxy section */

/* Begin PBXFileReference section */
		228BF04324424FB60027D325 /* Chatty.app */ = {isa = PBXFileReference; explicitFileType = wrapper.application; includeInIndex = 0; path = Chatty.app; sourceTree = BUILT_PRODUCTS_DIR; };
		228BF04624424FB60027D325 /* AppDelegate.swift */ = {isa = PBXFileReference; lastKnownFileType = sourcecode.swift; path = AppDelegate.swift; sourceTree = "<group>"; };
		228BF04824424FB60027D325 /* SceneDelegate.swift */ = {isa = PBXFileReference; lastKnownFileType = sourcecode.swift; path = SceneDelegate.swift; sourceTree = "<group>"; };
		228BF04A24424FB60027D325 /* ViewController.swift */ = {isa = PBXFileReference; lastKnownFileType = sourcecode.swift; path = ViewController.swift; sourceTree = "<group>"; };
		228BF04D24424FB60027D325 /* Base */ = {isa = PBXFileReference; lastKnownFileType = file.storyboard; name = Base; path = Base.lproj/Main.storyboard; sourceTree = "<group>"; };
		228BF04F24424FBB0027D325 /* Assets.xcassets */ = {isa = PBXFileReference; lastKnownFileType = folder.assetcatalog; path = Assets.xcassets; sourceTree = "<group>"; };
		228BF05224424FBB0027D325 /* Base */ = {isa = PBXFileReference; lastKnownFileType = file.storyboard; name = Base; path = Base.lproj/LaunchScreen.storyboard; sourceTree = "<group>"; };
		228BF05424424FBB0027D325 /* Info.plist */ = {isa = PBXFileReference; lastKnownFileType = text.plist.xml; path = Info.plist; sourceTree = "<group>"; };
		228BF05924424FBB0027D325 /* ChattyTests.xctest */ = {isa = PBXFileReference; explicitFileType = wrapper.cfbundle; includeInIndex = 0; path = ChattyTests.xctest; sourceTree = BUILT_PRODUCTS_DIR; };
		228BF05D24424FBB0027D325 /* ChattyTests.swift */ = {isa = PBXFileReference; lastKnownFileType = sourcecode.swift; path = ChattyTests.swift; sourceTree = "<group>"; };
		228BF05F24424FBB0027D325 /* Info.plist */ = {isa = PBXFileReference; lastKnownFileType = text.plist.xml; path = Info.plist; sourceTree = "<group>"; };
		228BF06424424FBB0027D325 /* ChattyUITests.xctest */ = {isa = PBXFileReference; explicitFileType = wrapper.cfbundle; includeInIndex = 0; path = ChattyUITests.xctest; sourceTree = BUILT_PRODUCTS_DIR; };
		228BF06824424FBB0027D325 /* ChattyUITests.swift */ = {isa = PBXFileReference; lastKnownFileType = sourcecode.swift; path = ChattyUITests.swift; sourceTree = "<group>"; };
		228BF06A24424FBB0027D325 /* Info.plist */ = {isa = PBXFileReference; lastKnownFileType = text.plist.xml; path = Info.plist; sourceTree = "<group>"; };
/* End PBXFileReference section */

/* Begin PBXFrameworksBuildPhase section */
		228BF04024424FB60027D325 /* Frameworks */ = {
			isa = PBXFrameworksBuildPhase;
			buildActionMask = 2147483647;
			files = (
			);
			runOnlyForDeploymentPostprocessing = 0;
		};
		228BF05624424FBB0027D325 /* Frameworks */ = {
			isa = PBXFrameworksBuildPhase;
			buildActionMask = 2147483647;
			files = (
			);
			runOnlyForDeploymentPostprocessing = 0;
		};
		228BF06124424FBB0027D325 /* Frameworks */ = {
			isa = PBXFrameworksBuildPhase;
			buildActionMask = 2147483647;
			files = (
			);
			runOnlyForDeploymentPostprocessing = 0;
		};
/* End PBXFrameworksBuildPhase section */

/* Begin PBXGroup section */
		228BF03A24424FB60027D325 = {
			isa = PBXGroup;
			children = (
				228BF04524424FB60027D325 /* Chatty */,
				228BF05C24424FBB0027D325 /* ChattyTests */,
				228BF06724424FBB0027D325 /* ChattyUITests */,
				228BF04424424FB60027D325 /* Products */,
			);
			sourceTree = "<group>";
		};
		228BF04424424FB60027D325 /* Products */ = {
			isa = PBXGroup;
			children = (
				228BF04324424FB60027D325 /* Chatty.app */,
				228BF05924424FBB0027D325 /* ChattyTests.xctest */,
				228BF06424424FBB0027D325 /* ChattyUITests.xctest */,
			);
			name = Products;
			sourceTree = "<group>";
		};
		228BF04524424FB60027D325 /* Chatty */ = {
			isa = PBXGroup;
			children = (
				228BF04624424FB60027D325 /* AppDelegate.swift */,
				228BF04824424FB60027D325 /* SceneDelegate.swift */,
				228BF04A24424FB60027D325 /* ViewController.swift */,
				228BF04C24424FB60027D325 /* Main.storyboard */,
				228BF04F24424FBB0027D325 /* Assets.xcassets */,
				228BF05124424FBB0027D325 /* LaunchScreen.storyboard */,
				228BF05424424FBB0027D325 /* Info.plist */,
			);
			path = Chatty;
			sourceTree = "<group>";
		};
		228BF05C24424FBB0027D325 /* ChattyTests */ = {
			isa = PBXGroup;
			children = (
				228BF05D24424FBB0027D325 /* ChattyTests.swift */,
				228BF05F24424FBB0027D325 /* Info.plist */,
			);
			path = ChattyTests;
			sourceTree = "<group>";
		};
		228BF06724424FBB0027D325 /* ChattyUITests */ = {
			isa = PBXGroup;
			children = (
				228BF06824424FBB0027D325 /* ChattyUITests.swift */,
				228BF06A24424FBB0027D325 /* Info.plist */,
			);
			path = ChattyUITests;
			sourceTree = "<group>";
		};
/* End PBXGroup section */

/* Begin PBXNativeTarget section */
		228BF04224424FB60027D325 /* Chatty */ = {
			isa = PBXNativeTarget;
			buildConfigurationList = 228BF06D24424FBB0027D325 /* Build configuration list for PBXNativeTarget "Chatty" */;
			buildPhases = (
				228BF03F24424FB60027D325 /* Sources */,
				228BF04024424FB60027D325 /* Frameworks */,
				228BF04124424FB60027D325 /* Resources */,
			);
			buildRules = (
			);
			dependencies = (
			);
			name = Chatty;
			productName = Chatty;
			productReference = 228BF04324424FB60027D325 /* Chatty.app */;
			productType = "com.apple.product-type.application";
		};
		228BF05824424FBB0027D325 /* ChattyTests */ = {
			isa = PBXNativeTarget;
			buildConfigurationList = 228BF07024424FBB0027D325 /* Build configuration list for PBXNativeTarget "ChattyTests" */;
			buildPhases = (
				228BF05524424FBB0027D325 /* Sources */,
				228BF05624424FBB0027D325 /* Frameworks */,
				228BF05724424FBB0027D325 /* Resources */,
			);
			buildRules = (
			);
			dependencies = (
				228BF05B24424FBB0027D325 /* PBXTargetDependency */,
			);
			name = ChattyTests;
			productName = ChattyTests;
			productReference = 228BF05924424FBB0027D325 /* ChattyTests.xctest */;
			productType = "com.apple.product-type.bundle.unit-test";
		};
		228BF06324424FBB0027D325 /* ChattyUITests */ = {
			isa = PBXNativeTarget;
			buildConfigurationList = 228BF07324424FBB0027D325 /* Build configuration list for PBXNativeTarget "ChattyUITests" */;
			buildPhases = (
				228BF06024424FBB0027D325 /* Sources */,
				228BF06124424FBB0027D325 /* Frameworks */,
				228BF06224424FBB0027D325 /* Resources */,
			);
			buildRules = (
			);
			dependencies = (
				228BF06624424FBB0027D325 /* PBXTargetDependency */,
			);
			name = ChattyUITests;
			productName = ChattyUITests;
			productReference = 228BF06424424FBB0027D325 /* ChattyUITests.xctest */;
			productType = "com.apple.product-type.bundle.ui-testing";
		};
/* End PBXNativeTarget section */

/* Begin PBXProject section */
		228BF03B24424FB60027D325 /* Project object */ = {
			isa = PBXProject;
			attributes = {
				LastSwiftUpdateCheck = 1110;
				LastUpgradeCheck = 1110;
				ORGANIZATIONNAME = "Oguz Tandogan";
				TargetAttributes = {
					228BF04224424FB60027D325 = {
						CreatedOnToolsVersion = 11.1;
					};
					228BF05824424FBB0027D325 = {
						CreatedOnToolsVersion = 11.1;
						TestTargetID = 228BF04224424FB60027D325;
					};
					228BF06324424FBB0027D325 = {
						CreatedOnToolsVersion = 11.1;
						TestTargetID = 228BF04224424FB60027D325;
					};
				};
			};
			buildConfigurationList = 228BF03E24424FB60027D325 /* Build configuration list for PBXProject "Chatty" */;
			compatibilityVersion = "Xcode 9.3";
			developmentRegion = en;
			hasScannedForEncodings = 0;
			knownRegions = (
				en,
				Base,
			);
			mainGroup = 228BF03A24424FB60027D325;
			productRefGroup = 228BF04424424FB60027D325 /* Products */;
			projectDirPath = "";
			projectRoot = "";
			targets = (
				228BF04224424FB60027D325 /* Chatty */,
				228BF05824424FBB0027D325 /* ChattyTests */,
				228BF06324424FBB0027D325 /* ChattyUITests */,
			);
		};
/* End PBXProject section */

/* Begin PBXResourcesBuildPhase section */
		228BF04124424FB60027D325 /* Resources */ = {
			isa = PBXResourcesBuildPhase;
			buildActionMask = 2147483647;
			files = (
				228BF05324424FBB0027D325 /* LaunchScreen.storyboard in Resources */,
				228BF05024424FBB0027D325 /* Assets.xcassets in Resources */,
				228BF04E24424FB60027D325 /* Main.storyboard in Resources */,
			);
			runOnlyForDeploymentPostprocessing = 0;
		};
		228BF05724424FBB0027D325 /* Resources */ = {
			isa = PBXResourcesBuildPhase;
			buildActionMask = 2147483647;
			files = (
			);
			runOnlyForDeploymentPostprocessing = 0;
		};
		228BF06224424FBB0027D325 /* Resources */ = {
			isa = PBXResourcesBuildPhase;
			buildActionMask = 2147483647;
			files = (
			);
			runOnlyForDeploymentPostprocessing = 0;
		};
/* End PBXResourcesBuildPhase section */

/* Begin PBXSourcesBuildPhase section */
		228BF03F24424FB60027D325 /* Sources */ = {
			isa = PBXSourcesBuildPhase;
			buildActionMask = 2147483647;
			files = (
				228BF04B24424FB60027D325 /* ViewController.swift in Sources */,
				228BF04724424FB60027D325 /* AppDelegate.swift in Sources */,
				228BF04924424FB60027D325 /* SceneDelegate.swift in Sources */,
			);
			runOnlyForDeploymentPostprocessing = 0;
		};
		228BF05524424FBB0027D325 /* Sources */ = {
			isa = PBXSourcesBuildPhase;
			buildActionMask = 2147483647;
			files = (
				228BF05E24424FBB0027D325 /* ChattyTests.swift in Sources */,
			);
			runOnlyForDeploymentPostprocessing = 0;
		};
		228BF06024424FBB0027D325 /* Sources */ = {
			isa = PBXSourcesBuildPhase;
			buildActionMask = 2147483647;
			files = (
				228BF06924424FBB0027D325 /* ChattyUITests.swift in Sources */,
			);
			runOnlyForDeploymentPostprocessing = 0;
		};
/* End PBXSourcesBuildPhase section */

/* Begin PBXTargetDependency section */
		228BF05B24424FBB0027D325 /* PBXTargetDependency */ = {
			isa = PBXTargetDependency;
			target = 228BF04224424FB60027D325 /* Chatty */;
			targetProxy = 228BF05A24424FBB0027D325 /* PBXContainerItemProxy */;
		};
		228BF06624424FBB0027D325 /* PBXTargetDependency */ = {
			isa = PBXTargetDependency;
			target = 228BF04224424FB60027D325 /* Chatty */;
			targetProxy = 228BF06524424FBB0027D325 /* PBXContainerItemProxy */;
		};
/* End PBXTargetDependency section */

/* Begin PBXVariantGroup section */
		228BF04C24424FB60027D325 /* Main.storyboard */ = {
			isa = PBXVariantGroup;
			children = (
				228BF04D24424FB60027D325 /* Base */,
			);
			name = Main.storyboard;
			sourceTree = "<group>";
		};
		228BF05124424FBB0027D325 /* LaunchScreen.storyboard */ = {
			isa = PBXVariantGroup;
			children = (
				228BF05224424FBB0027D325 /* Base */,
			);
			name = LaunchScreen.storyboard;
			sourceTree = "<group>";
		};
/* End PBXVariantGroup section */

/* Begin XCBuildConfiguration section */
		228BF06B24424FBB0027D325 /* Debug */ = {
			isa = XCBuildConfiguration;
			buildSettings = {
				ALWAYS_SEARCH_USER_PATHS = NO;
				CLANG_ANALYZER_NONNULL = YES;
				CLANG_ANALYZER_NUMBER_OBJECT_CONVERSION = YES_AGGRESSIVE;
				CLANG_CXX_LANGUAGE_STANDARD = "gnu++14";
				CLANG_CXX_LIBRARY = "libc++";
				CLANG_ENABLE_MODULES = YES;
				CLANG_ENABLE_OBJC_ARC = YES;
				CLANG_ENABLE_OBJC_WEAK = YES;
				CLANG_WARN_BLOCK_CAPTURE_AUTORELEASING = YES;
				CLANG_WARN_BOOL_CONVERSION = YES;
				CLANG_WARN_COMMA = YES;
				CLANG_WARN_CONSTANT_CONVERSION = YES;
				CLANG_WARN_DEPRECATED_OBJC_IMPLEMENTATIONS = YES;
				CLANG_WARN_DIRECT_OBJC_ISA_USAGE = YES_ERROR;
				CLANG_WARN_DOCUMENTATION_COMMENTS = YES;
				CLANG_WARN_EMPTY_BODY = YES;
				CLANG_WARN_ENUM_CONVERSION = YES;
				CLANG_WARN_INFINITE_RECURSION = YES;
				CLANG_WARN_INT_CONVERSION = YES;
				CLANG_WARN_NON_LITERAL_NULL_CONVERSION = YES;
				CLANG_WARN_OBJC_IMPLICIT_RETAIN_SELF = YES;
				CLANG_WARN_OBJC_LITERAL_CONVERSION = YES;
				CLANG_WARN_OBJC_ROOT_CLASS = YES_ERROR;
				CLANG_WARN_RANGE_LOOP_ANALYSIS = YES;
				CLANG_WARN_STRICT_PROTOTYPES = YES;
				CLANG_WARN_SUSPICIOUS_MOVE = YES;
				CLANG_WARN_UNGUARDED_AVAILABILITY = YES_AGGRESSIVE;
				CLANG_WARN_UNREACHABLE_CODE = YES;
				CLANG_WARN__DUPLICATE_METHOD_MATCH = YES;
				COPY_PHASE_STRIP = NO;
				DEBUG_INFORMATION_FORMAT = dwarf;
				ENABLE_STRICT_OBJC_MSGSEND = YES;
				ENABLE_TESTABILITY = YES;
				GCC_C_LANGUAGE_STANDARD = gnu11;
				GCC_DYNAMIC_NO_PIC = NO;
				GCC_NO_COMMON_BLOCKS = YES;
				GCC_OPTIMIZATION_LEVEL = 0;
				GCC_PREPROCESSOR_DEFINITIONS = (
					"DEBUG=1",
					"$(inherited)",
				);
				GCC_WARN_64_TO_32_BIT_CONVERSION = YES;
				GCC_WARN_ABOUT_RETURN_TYPE = YES_ERROR;
				GCC_WARN_UNDECLARED_SELECTOR = YES;
				GCC_WARN_UNINITIALIZED_AUTOS = YES_AGGRESSIVE;
				GCC_WARN_UNUSED_FUNCTION = YES;
				GCC_WARN_UNUSED_VARIABLE = YES;
				IPHONEOS_DEPLOYMENT_TARGET = 13.1;
				MTL_ENABLE_DEBUG_INFO = INCLUDE_SOURCE;
				MTL_FAST_MATH = YES;
				ONLY_ACTIVE_ARCH = YES;
				SDKROOT = iphoneos;
				SWIFT_ACTIVE_COMPILATION_CONDITIONS = DEBUG;
				SWIFT_OPTIMIZATION_LEVEL = "-Onone";
			};
			name = Debug;
		};
		228BF06C24424FBB0027D325 /* Release */ = {
			isa = XCBuildConfiguration;
			buildSettings = {
				ALWAYS_SEARCH_USER_PATHS = NO;
				CLANG_ANALYZER_NONNULL = YES;
				CLANG_ANALYZER_NUMBER_OBJECT_CONVERSION = YES_AGGRESSIVE;
				CLANG_CXX_LANGUAGE_STANDARD = "gnu++14";
				CLANG_CXX_LIBRARY = "libc++";
				CLANG_ENABLE_MODULES = YES;
				CLANG_ENABLE_OBJC_ARC = YES;
				CLANG_ENABLE_OBJC_WEAK = YES;
				CLANG_WARN_BLOCK_CAPTURE_AUTORELEASING = YES;
				CLANG_WARN_BOOL_CONVERSION = YES;
				CLANG_WARN_COMMA = YES;
				CLANG_WARN_CONSTANT_CONVERSION = YES;
				CLANG_WARN_DEPRECATED_OBJC_IMPLEMENTATIONS = YES;
				CLANG_WARN_DIRECT_OBJC_ISA_USAGE = YES_ERROR;
				CLANG_WARN_DOCUMENTATION_COMMENTS = YES;
				CLANG_WARN_EMPTY_BODY = YES;
				CLANG_WARN_ENUM_CONVERSION = YES;
				CLANG_WARN_INFINITE_RECURSION = YES;
				CLANG_WARN_INT_CONVERSION = YES;
				CLANG_WARN_NON_LITERAL_NULL_CONVERSION = YES;
				CLANG_WARN_OBJC_IMPLICIT_RETAIN_SELF = YES;
				CLANG_WARN_OBJC_LITERAL_CONVERSION = YES;
				CLANG_WARN_OBJC_ROOT_CLASS = YES_ERROR;
				CLANG_WARN_RANGE_LOOP_ANALYSIS = YES;
				CLANG_WARN_STRICT_PROTOTYPES = YES;
				CLANG_WARN_SUSPICIOUS_MOVE = YES;
				CLANG_WARN_UNGUARDED_AVAILABILITY = YES_AGGRESSIVE;
				CLANG_WARN_UNREACHABLE_CODE = YES;
				CLANG_WARN__DUPLICATE_METHOD_MATCH = YES;
				COPY_PHASE_STRIP = NO;
				DEBUG_INFORMATION_FORMAT = "dwarf-with-dsym";
				ENABLE_NS_ASSERTIONS = NO;
				ENABLE_STRICT_OBJC_MSGSEND = YES;
				GCC_C_LANGUAGE_STANDARD = gnu11;
				GCC_NO_COMMON_BLOCKS = YES;
				GCC_WARN_64_TO_32_BIT_CONVERSION = YES;
				GCC_WARN_ABOUT_RETURN_TYPE = YES_ERROR;
				GCC_WARN_UNDECLARED_SELECTOR = YES;
				GCC_WARN_UNINITIALIZED_AUTOS = YES_AGGRESSIVE;
				GCC_WARN_UNUSED_FUNCTION = YES;
				GCC_WARN_UNUSED_VARIABLE = YES;
				IPHONEOS_DEPLOYMENT_TARGET = 13.1;
				MTL_ENABLE_DEBUG_INFO = NO;
				MTL_FAST_MATH = YES;
				SDKROOT = iphoneos;
				SWIFT_COMPILATION_MODE = wholemodule;
				SWIFT_OPTIMIZATION_LEVEL = "-O";
				VALIDATE_PRODUCT = YES;
			};
			name = Release;
		};
		228BF06E24424FBB0027D325 /* Debug */ = {
			isa = XCBuildConfiguration;
			buildSettings = {
				ASSETCATALOG_COMPILER_APPICON_NAME = AppIcon;
				CODE_SIGN_STYLE = Automatic;
				INFOPLIST_FILE = Chatty/Info.plist;
				LD_RUNPATH_SEARCH_PATHS = (
					"$(inherited)",
					"@executable_path/Frameworks",
				);
				PRODUCT_BUNDLE_IDENTIFIER = Ozz.Chatty;
				PRODUCT_NAME = "$(TARGET_NAME)";
				SWIFT_VERSION = 5.0;
				TARGETED_DEVICE_FAMILY = "1,2";
			};
			name = Debug;
		};
		228BF06F24424FBB0027D325 /* Release */ = {
			isa = XCBuildConfiguration;
			buildSettings = {
				ASSETCATALOG_COMPILER_APPICON_NAME = AppIcon;
				CODE_SIGN_STYLE = Automatic;
				INFOPLIST_FILE = Chatty/Info.plist;
				LD_RUNPATH_SEARCH_PATHS = (
					"$(inherited)",
					"@executable_path/Frameworks",
				);
				PRODUCT_BUNDLE_IDENTIFIER = Ozz.Chatty;
				PRODUCT_NAME = "$(TARGET_NAME)";
				SWIFT_VERSION = 5.0;
				TARGETED_DEVICE_FAMILY = "1,2";
			};
			name = Release;
		};
		228BF07124424FBB0027D325 /* Debug */ = {
			isa = XCBuildConfiguration;
			buildSettings = {
				ALWAYS_EMBED_SWIFT_STANDARD_LIBRARIES = YES;
				BUNDLE_LOADER = "$(TEST_HOST)";
				CODE_SIGN_STYLE = Automatic;
				INFOPLIST_FILE = ChattyTests/Info.plist;
				IPHONEOS_DEPLOYMENT_TARGET = 13.1;
				LD_RUNPATH_SEARCH_PATHS = (
					"$(inherited)",
					"@executable_path/Frameworks",
					"@loader_path/Frameworks",
				);
				PRODUCT_BUNDLE_IDENTIFIER = Ozz.ChattyTests;
				PRODUCT_NAME = "$(TARGET_NAME)";
				SWIFT_VERSION = 5.0;
				TARGETED_DEVICE_FAMILY = "1,2";
				TEST_HOST = "$(BUILT_PRODUCTS_DIR)/Chatty.app/Chatty";
			};
			name = Debug;
		};
		228BF07224424FBB0027D325 /* Release */ = {
			isa = XCBuildConfiguration;
			buildSettings = {
				ALWAYS_EMBED_SWIFT_STANDARD_LIBRARIES = YES;
				BUNDLE_LOADER = "$(TEST_HOST)";
				CODE_SIGN_STYLE = Automatic;
				INFOPLIST_FILE = ChattyTests/Info.plist;
				IPHONEOS_DEPLOYMENT_TARGET = 13.1;
				LD_RUNPATH_SEARCH_PATHS = (
					"$(inherited)",
					"@executable_path/Frameworks",
					"@loader_path/Frameworks",
				);
				PRODUCT_BUNDLE_IDENTIFIER = Ozz.ChattyTests;
				PRODUCT_NAME = "$(TARGET_NAME)";
				SWIFT_VERSION = 5.0;
				TARGETED_DEVICE_FAMILY = "1,2";
				TEST_HOST = "$(BUILT_PRODUCTS_DIR)/Chatty.app/Chatty";
			};
			name = Release;
		};
		228BF07424424FBB0027D325 /* Debug */ = {
			isa = XCBuildConfiguration;
			buildSettings = {
				ALWAYS_EMBED_SWIFT_STANDARD_LIBRARIES = YES;
				CODE_SIGN_STYLE = Automatic;
				INFOPLIST_FILE = ChattyUITests/Info.plist;
				LD_RUNPATH_SEARCH_PATHS = (
					"$(inherited)",
					"@executable_path/Frameworks",
					"@loader_path/Frameworks",
				);
				PRODUCT_BUNDLE_IDENTIFIER = Ozz.ChattyUITests;
				PRODUCT_NAME = "$(TARGET_NAME)";
				SWIFT_VERSION = 5.0;
				TARGETED_DEVICE_FAMILY = "1,2";
				TEST_TARGET_NAME = Chatty;
			};
			name = Debug;
		};
		228BF07524424FBB0027D325 /* Release */ = {
			isa = XCBuildConfiguration;
			buildSettings = {
				ALWAYS_EMBED_SWIFT_STANDARD_LIBRARIES = YES;
				CODE_SIGN_STYLE = Automatic;
				INFOPLIST_FILE = ChattyUITests/Info.plist;
				LD_RUNPATH_SEARCH_PATHS = (
					"$(inherited)",
					"@executable_path/Frameworks",
					"@loader_path/Frameworks",
				);
				PRODUCT_BUNDLE_IDENTIFIER = Ozz.ChattyUITests;
				PRODUCT_NAME = "$(TARGET_NAME)";
				SWIFT_VERSION = 5.0;
				TARGETED_DEVICE_FAMILY = "1,2";
				TEST_TARGET_NAME = Chatty;
			};
			name = Release;
		};
/* End XCBuildConfiguration section */

/* Begin XCConfigurationList section */
		228BF03E24424FB60027D325 /* Build configuration list for PBXProject "Chatty" */ = {
			isa = XCConfigurationList;
			buildConfigurations = (
				228BF06B24424FBB0027D325 /* Debug */,
				228BF06C24424FBB0027D325 /* Release */,
			);
			defaultConfigurationIsVisible = 0;
			defaultConfigurationName = Release;
		};
		228BF06D24424FBB0027D325 /* Build configuration list for PBXNativeTarget "Chatty" */ = {
			isa = XCConfigurationList;
			buildConfigurations = (
				228BF06E24424FBB0027D325 /* Debug */,
				228BF06F24424FBB0027D325 /* Release */,
			);
			defaultConfigurationIsVisible = 0;
			defaultConfigurationName = Release;
		};
		228BF07024424FBB0027D325 /* Build configuration list for PBXNativeTarget "ChattyTests" */ = {
			isa = XCConfigurationList;
			buildConfigurations = (
				228BF07124424FBB0027D325 /* Debug */,
				228BF07224424FBB0027D325 /* Release */,
			);
			defaultConfigurationIsVisible = 0;
			defaultConfigurationName = Release;
		};
		228BF07324424FBB0027D325 /* Build configuration list for PBXNativeTarget "ChattyUITests" */ = {
			isa = XCConfigurationList;
			buildConfigurations = (
				228BF07424424FBB0027D325 /* Debug */,
				228BF07524424FBB0027D325 /* Release */,
			);
			defaultConfigurationIsVisible = 0;
			defaultConfigurationName = Release;
		};
/* End XCConfigurationList section */
	};
	rootObject = 228BF03B24424FB60027D325 /* Project object */;
}
