// !$*UTF8*$!
{
	archiveVersion = 1;
	classes = {
	};
	objectVersion = 51;
	objects = {

/* Begin PBXBuildFile section */
		222317282449B167007C23EB /* AlertManager.swift in Sources */ = {isa = PBXBuildFile; fileRef = 222317272449B167007C23EB /* AlertManager.swift */; };
		228BF04724424FB60027D325 /* AppDelegate.swift in Sources */ = {isa = PBXBuildFile; fileRef = 228BF04624424FB60027D325 /* AppDelegate.swift */; };
		228BF04924424FB60027D325 /* SceneDelegate.swift in Sources */ = {isa = PBXBuildFile; fileRef = 228BF04824424FB60027D325 /* SceneDelegate.swift */; };
		228BF04E24424FB60027D325 /* Main.storyboard in Resources */ = {isa = PBXBuildFile; fileRef = 228BF04C24424FB60027D325 /* Main.storyboard */; };
		228BF05024424FBB0027D325 /* Assets.xcassets in Resources */ = {isa = PBXBuildFile; fileRef = 228BF04F24424FBB0027D325 /* Assets.xcassets */; };
		228BF05324424FBB0027D325 /* LaunchScreen.storyboard in Resources */ = {isa = PBXBuildFile; fileRef = 228BF05124424FBB0027D325 /* LaunchScreen.storyboard */; };
		228BF05E24424FBB0027D325 /* ChattyTests.swift in Sources */ = {isa = PBXBuildFile; fileRef = 228BF05D24424FBB0027D325 /* ChattyTests.swift */; };
		228BF06924424FBB0027D325 /* ChattyUITests.swift in Sources */ = {isa = PBXBuildFile; fileRef = 228BF06824424FBB0027D325 /* ChattyUITests.swift */; };
		229AB747244D9A3800EB166B /* NavigationControllerUtil.swift in Sources */ = {isa = PBXBuildFile; fileRef = 229AB746244D9A3800EB166B /* NavigationControllerUtil.swift */; };
		229AB749244DB59300EB166B /* MessagesTableViewCell.swift in Sources */ = {isa = PBXBuildFile; fileRef = 229AB748244DB59300EB166B /* MessagesTableViewCell.swift */; };
		22C8DDB22442635D00EDCCA0 /* RegisterPagePresenter.swift in Sources */ = {isa = PBXBuildFile; fileRef = 22C8DDAC2442635D00EDCCA0 /* RegisterPagePresenter.swift */; };
		22C8DDB32442635D00EDCCA0 /* RegisterPageWorker.swift in Sources */ = {isa = PBXBuildFile; fileRef = 22C8DDAD2442635D00EDCCA0 /* RegisterPageWorker.swift */; };
		22C8DDB42442635D00EDCCA0 /* RegisterPageRouter.swift in Sources */ = {isa = PBXBuildFile; fileRef = 22C8DDAE2442635D00EDCCA0 /* RegisterPageRouter.swift */; };
		22C8DDB52442635D00EDCCA0 /* RegisterPageModels.swift in Sources */ = {isa = PBXBuildFile; fileRef = 22C8DDAF2442635D00EDCCA0 /* RegisterPageModels.swift */; };
		22C8DDB62442635D00EDCCA0 /* RegisterPageViewController.swift in Sources */ = {isa = PBXBuildFile; fileRef = 22C8DDB02442635D00EDCCA0 /* RegisterPageViewController.swift */; };
		22C8DDB72442635D00EDCCA0 /* RegisterPageInteractor.swift in Sources */ = {isa = PBXBuildFile; fileRef = 22C8DDB12442635D00EDCCA0 /* RegisterPageInteractor.swift */; };
		22C8DDBA2443660D00EDCCA0 /* Validation.swift in Sources */ = {isa = PBXBuildFile; fileRef = 22C8DDB92443660D00EDCCA0 /* Validation.swift */; };
		22C8DDBC2443F78400EDCCA0 /* TextFieldSettings.swift in Sources */ = {isa = PBXBuildFile; fileRef = 22C8DDBB2443F78400EDCCA0 /* TextFieldSettings.swift */; };
		22C8DDBF2445EA7500EDCCA0 /* Result.swift in Sources */ = {isa = PBXBuildFile; fileRef = 22C8DDBE2445EA7500EDCCA0 /* Result.swift */; };
		22C8DDC624461A6700EDCCA0 /* ForgotPasswordPagePresenter.swift in Sources */ = {isa = PBXBuildFile; fileRef = 22C8DDC024461A6700EDCCA0 /* ForgotPasswordPagePresenter.swift */; };
		22C8DDC724461A6700EDCCA0 /* ForgotPasswordPageWorker.swift in Sources */ = {isa = PBXBuildFile; fileRef = 22C8DDC124461A6700EDCCA0 /* ForgotPasswordPageWorker.swift */; };
		22C8DDC824461A6700EDCCA0 /* ForgotPasswordPageRouter.swift in Sources */ = {isa = PBXBuildFile; fileRef = 22C8DDC224461A6700EDCCA0 /* ForgotPasswordPageRouter.swift */; };
		22C8DDC924461A6700EDCCA0 /* ForgotPasswordPageModels.swift in Sources */ = {isa = PBXBuildFile; fileRef = 22C8DDC324461A6700EDCCA0 /* ForgotPasswordPageModels.swift */; };
		22C8DDCA24461A6700EDCCA0 /* ForgotPasswordPageViewController.swift in Sources */ = {isa = PBXBuildFile; fileRef = 22C8DDC424461A6700EDCCA0 /* ForgotPasswordPageViewController.swift */; };
		22C8DDCB24461A6700EDCCA0 /* ForgotPasswordPageInteractor.swift in Sources */ = {isa = PBXBuildFile; fileRef = 22C8DDC524461A6700EDCCA0 /* ForgotPasswordPageInteractor.swift */; };
		22F0FC682442524C004CD2B3 /* GoogleService-Info.plist in Resources */ = {isa = PBXBuildFile; fileRef = 22F0FC672442524C004CD2B3 /* GoogleService-Info.plist */; };
		22F0FC7424425D56004CD2B3 /* LoginPagePresenter.swift in Sources */ = {isa = PBXBuildFile; fileRef = 22F0FC6E24425D56004CD2B3 /* LoginPagePresenter.swift */; };
		22F0FC7524425D56004CD2B3 /* LoginPageWorker.swift in Sources */ = {isa = PBXBuildFile; fileRef = 22F0FC6F24425D56004CD2B3 /* LoginPageWorker.swift */; };
		22F0FC7624425D56004CD2B3 /* LoginPageRouter.swift in Sources */ = {isa = PBXBuildFile; fileRef = 22F0FC7024425D56004CD2B3 /* LoginPageRouter.swift */; };
		22F0FC7724425D56004CD2B3 /* LoginPageModels.swift in Sources */ = {isa = PBXBuildFile; fileRef = 22F0FC7124425D56004CD2B3 /* LoginPageModels.swift */; };
		22F0FC7824425D56004CD2B3 /* LoginPageViewController.swift in Sources */ = {isa = PBXBuildFile; fileRef = 22F0FC7224425D56004CD2B3 /* LoginPageViewController.swift */; };
		22F0FC7924425D56004CD2B3 /* LoginPageInteractor.swift in Sources */ = {isa = PBXBuildFile; fileRef = 22F0FC7324425D56004CD2B3 /* LoginPageInteractor.swift */; };
		22F0FC8024425D63004CD2B3 /* ChattingPagePresenter.swift in Sources */ = {isa = PBXBuildFile; fileRef = 22F0FC7A24425D63004CD2B3 /* ChattingPagePresenter.swift */; };
		22F0FC8124425D63004CD2B3 /* ChattingPageWorker.swift in Sources */ = {isa = PBXBuildFile; fileRef = 22F0FC7B24425D63004CD2B3 /* ChattingPageWorker.swift */; };
		22F0FC8224425D63004CD2B3 /* ChattingPageRouter.swift in Sources */ = {isa = PBXBuildFile; fileRef = 22F0FC7C24425D63004CD2B3 /* ChattingPageRouter.swift */; };
		22F0FC8324425D63004CD2B3 /* ChattingPageModels.swift in Sources */ = {isa = PBXBuildFile; fileRef = 22F0FC7D24425D63004CD2B3 /* ChattingPageModels.swift */; };
		22F0FC8424425D63004CD2B3 /* ChattingPageViewController.swift in Sources */ = {isa = PBXBuildFile; fileRef = 22F0FC7E24425D63004CD2B3 /* ChattingPageViewController.swift */; };
		22F0FC8524425D63004CD2B3 /* ChattingPageInteractor.swift in Sources */ = {isa = PBXBuildFile; fileRef = 22F0FC7F24425D63004CD2B3 /* ChattingPageInteractor.swift */; };
		561048D4FE190A99FE08DAF5 /* Pods_Chatty_ChattyUITests.framework in Frameworks */ = {isa = PBXBuildFile; fileRef = D837525B7B0077CE0D815BDB /* Pods_Chatty_ChattyUITests.framework */; };
		F5154D7D1F38E1BF1DD8222A /* Pods_ChattyTests.framework in Frameworks */ = {isa = PBXBuildFile; fileRef = FAF11DC5852677C90DFFE021 /* Pods_ChattyTests.framework */; };
		FC2E824451772FC494906725 /* Pods_Chatty.framework in Frameworks */ = {isa = PBXBuildFile; fileRef = 9C8D0C3488C062FA6FC431C2 /* Pods_Chatty.framework */; };
/* End PBXBuildFile section */

/* Begin PBXContainerItemProxy section */
		228BF05A24424FBB0027D325 /* PBXContainerItemProxy */ = {
			isa = PBXContainerItemProxy;
			containerPortal = 228BF03B24424FB60027D325 /* Project object */;
			proxyType = 1;
			remoteGlobalIDString = 228BF04224424FB60027D325;
			remoteInfo = Chatty;
		};
		228BF06524424FBB0027D325 /* PBXContainerItemProxy */ = {
			isa = PBXContainerItemProxy;
			containerPortal = 228BF03B24424FB60027D325 /* Project object */;
			proxyType = 1;
			remoteGlobalIDString = 228BF04224424FB60027D325;
			remoteInfo = Chatty;
		};
/* End PBXContainerItemProxy section */

/* Begin PBXFileReference section */
		158FD54CA057025E2FEDC4B7 /* Pods-ChattyTests.debug.xcconfig */ = {isa = PBXFileReference; includeInIndex = 1; lastKnownFileType = text.xcconfig; name = "Pods-ChattyTests.debug.xcconfig"; path = "Target Support Files/Pods-ChattyTests/Pods-ChattyTests.debug.xcconfig"; sourceTree = "<group>"; };
		222317272449B167007C23EB /* AlertManager.swift */ = {isa = PBXFileReference; lastKnownFileType = sourcecode.swift; path = AlertManager.swift; sourceTree = "<group>"; };
		228BF04324424FB60027D325 /* Chatty.app */ = {isa = PBXFileReference; explicitFileType = wrapper.application; includeInIndex = 0; path = Chatty.app; sourceTree = BUILT_PRODUCTS_DIR; };
		228BF04624424FB60027D325 /* AppDelegate.swift */ = {isa = PBXFileReference; lastKnownFileType = sourcecode.swift; path = AppDelegate.swift; sourceTree = "<group>"; };
		228BF04824424FB60027D325 /* SceneDelegate.swift */ = {isa = PBXFileReference; lastKnownFileType = sourcecode.swift; path = SceneDelegate.swift; sourceTree = "<group>"; };
		228BF04D24424FB60027D325 /* Base */ = {isa = PBXFileReference; lastKnownFileType = file.storyboard; name = Base; path = Base.lproj/Main.storyboard; sourceTree = "<group>"; };
		228BF04F24424FBB0027D325 /* Assets.xcassets */ = {isa = PBXFileReference; lastKnownFileType = folder.assetcatalog; path = Assets.xcassets; sourceTree = "<group>"; };
		228BF05224424FBB0027D325 /* Base */ = {isa = PBXFileReference; lastKnownFileType = file.storyboard; name = Base; path = Base.lproj/LaunchScreen.storyboard; sourceTree = "<group>"; };
		228BF05424424FBB0027D325 /* Info.plist */ = {isa = PBXFileReference; lastKnownFileType = text.plist.xml; path = Info.plist; sourceTree = "<group>"; };
		228BF05924424FBB0027D325 /* ChattyTests.xctest */ = {isa = PBXFileReference; explicitFileType = wrapper.cfbundle; includeInIndex = 0; path = ChattyTests.xctest; sourceTree = BUILT_PRODUCTS_DIR; };
		228BF05D24424FBB0027D325 /* ChattyTests.swift */ = {isa = PBXFileReference; lastKnownFileType = sourcecode.swift; path = ChattyTests.swift; sourceTree = "<group>"; };
		228BF05F24424FBB0027D325 /* Info.plist */ = {isa = PBXFileReference; lastKnownFileType = text.plist.xml; path = Info.plist; sourceTree = "<group>"; };
		228BF06424424FBB0027D325 /* ChattyUITests.xctest */ = {isa = PBXFileReference; explicitFileType = wrapper.cfbundle; includeInIndex = 0; path = ChattyUITests.xctest; sourceTree = BUILT_PRODUCTS_DIR; };
		228BF06824424FBB0027D325 /* ChattyUITests.swift */ = {isa = PBXFileReference; lastKnownFileType = sourcecode.swift; path = ChattyUITests.swift; sourceTree = "<group>"; };
		228BF06A24424FBB0027D325 /* Info.plist */ = {isa = PBXFileReference; lastKnownFileType = text.plist.xml; path = Info.plist; sourceTree = "<group>"; };
		229AB746244D9A3800EB166B /* NavigationControllerUtil.swift */ = {isa = PBXFileReference; lastKnownFileType = sourcecode.swift; path = NavigationControllerUtil.swift; sourceTree = "<group>"; };
		229AB748244DB59300EB166B /* MessagesTableViewCell.swift */ = {isa = PBXFileReference; lastKnownFileType = sourcecode.swift; path = MessagesTableViewCell.swift; sourceTree = "<group>"; };
		22C8DDAC2442635D00EDCCA0 /* RegisterPagePresenter.swift */ = {isa = PBXFileReference; lastKnownFileType = sourcecode.swift; path = RegisterPagePresenter.swift; sourceTree = "<group>"; };
		22C8DDAD2442635D00EDCCA0 /* RegisterPageWorker.swift */ = {isa = PBXFileReference; lastKnownFileType = sourcecode.swift; path = RegisterPageWorker.swift; sourceTree = "<group>"; };
		22C8DDAE2442635D00EDCCA0 /* RegisterPageRouter.swift */ = {isa = PBXFileReference; lastKnownFileType = sourcecode.swift; path = RegisterPageRouter.swift; sourceTree = "<group>"; };
		22C8DDAF2442635D00EDCCA0 /* RegisterPageModels.swift */ = {isa = PBXFileReference; lastKnownFileType = sourcecode.swift; path = RegisterPageModels.swift; sourceTree = "<group>"; };
		22C8DDB02442635D00EDCCA0 /* RegisterPageViewController.swift */ = {isa = PBXFileReference; lastKnownFileType = sourcecode.swift; path = RegisterPageViewController.swift; sourceTree = "<group>"; };
		22C8DDB12442635D00EDCCA0 /* RegisterPageInteractor.swift */ = {isa = PBXFileReference; lastKnownFileType = sourcecode.swift; path = RegisterPageInteractor.swift; sourceTree = "<group>"; };
		22C8DDB92443660D00EDCCA0 /* Validation.swift */ = {isa = PBXFileReference; lastKnownFileType = sourcecode.swift; path = Validation.swift; sourceTree = "<group>"; };
		22C8DDBB2443F78400EDCCA0 /* TextFieldSettings.swift */ = {isa = PBXFileReference; lastKnownFileType = sourcecode.swift; path = TextFieldSettings.swift; sourceTree = "<group>"; };
		22C8DDBE2445EA7500EDCCA0 /* Result.swift */ = {isa = PBXFileReference; lastKnownFileType = sourcecode.swift; path = Result.swift; sourceTree = "<group>"; };
		22C8DDC024461A6700EDCCA0 /* ForgotPasswordPagePresenter.swift */ = {isa = PBXFileReference; lastKnownFileType = sourcecode.swift; path = ForgotPasswordPagePresenter.swift; sourceTree = "<group>"; };
		22C8DDC124461A6700EDCCA0 /* ForgotPasswordPageWorker.swift */ = {isa = PBXFileReference; lastKnownFileType = sourcecode.swift; path = ForgotPasswordPageWorker.swift; sourceTree = "<group>"; };
		22C8DDC224461A6700EDCCA0 /* ForgotPasswordPageRouter.swift */ = {isa = PBXFileReference; lastKnownFileType = sourcecode.swift; path = ForgotPasswordPageRouter.swift; sourceTree = "<group>"; };
		22C8DDC324461A6700EDCCA0 /* ForgotPasswordPageModels.swift */ = {isa = PBXFileReference; lastKnownFileType = sourcecode.swift; path = ForgotPasswordPageModels.swift; sourceTree = "<group>"; };
		22C8DDC424461A6700EDCCA0 /* ForgotPasswordPageViewController.swift */ = {isa = PBXFileReference; lastKnownFileType = sourcecode.swift; path = ForgotPasswordPageViewController.swift; sourceTree = "<group>"; };
		22C8DDC524461A6700EDCCA0 /* ForgotPasswordPageInteractor.swift */ = {isa = PBXFileReference; lastKnownFileType = sourcecode.swift; path = ForgotPasswordPageInteractor.swift; sourceTree = "<group>"; };
		22F0FC672442524C004CD2B3 /* GoogleService-Info.plist */ = {isa = PBXFileReference; fileEncoding = 4; lastKnownFileType = text.plist.xml; name = "GoogleService-Info.plist"; path = "../../../../Downloads/GoogleService-Info.plist"; sourceTree = "<group>"; };
		22F0FC6E24425D56004CD2B3 /* LoginPagePresenter.swift */ = {isa = PBXFileReference; lastKnownFileType = sourcecode.swift; path = LoginPagePresenter.swift; sourceTree = "<group>"; };
		22F0FC6F24425D56004CD2B3 /* LoginPageWorker.swift */ = {isa = PBXFileReference; lastKnownFileType = sourcecode.swift; path = LoginPageWorker.swift; sourceTree = "<group>"; };
		22F0FC7024425D56004CD2B3 /* LoginPageRouter.swift */ = {isa = PBXFileReference; lastKnownFileType = sourcecode.swift; path = LoginPageRouter.swift; sourceTree = "<group>"; };
		22F0FC7124425D56004CD2B3 /* LoginPageModels.swift */ = {isa = PBXFileReference; lastKnownFileType = sourcecode.swift; path = LoginPageModels.swift; sourceTree = "<group>"; };
		22F0FC7224425D56004CD2B3 /* LoginPageViewController.swift */ = {isa = PBXFileReference; lastKnownFileType = sourcecode.swift; path = LoginPageViewController.swift; sourceTree = "<group>"; };
		22F0FC7324425D56004CD2B3 /* LoginPageInteractor.swift */ = {isa = PBXFileReference; lastKnownFileType = sourcecode.swift; path = LoginPageInteractor.swift; sourceTree = "<group>"; };
		22F0FC7A24425D63004CD2B3 /* ChattingPagePresenter.swift */ = {isa = PBXFileReference; lastKnownFileType = sourcecode.swift; path = ChattingPagePresenter.swift; sourceTree = "<group>"; };
		22F0FC7B24425D63004CD2B3 /* ChattingPageWorker.swift */ = {isa = PBXFileReference; lastKnownFileType = sourcecode.swift; path = ChattingPageWorker.swift; sourceTree = "<group>"; };
		22F0FC7C24425D63004CD2B3 /* ChattingPageRouter.swift */ = {isa = PBXFileReference; lastKnownFileType = sourcecode.swift; path = ChattingPageRouter.swift; sourceTree = "<group>"; };
		22F0FC7D24425D63004CD2B3 /* ChattingPageModels.swift */ = {isa = PBXFileReference; lastKnownFileType = sourcecode.swift; path = ChattingPageModels.swift; sourceTree = "<group>"; };
		22F0FC7E24425D63004CD2B3 /* ChattingPageViewController.swift */ = {isa = PBXFileReference; lastKnownFileType = sourcecode.swift; path = ChattingPageViewController.swift; sourceTree = "<group>"; };
		22F0FC7F24425D63004CD2B3 /* ChattingPageInteractor.swift */ = {isa = PBXFileReference; lastKnownFileType = sourcecode.swift; path = ChattingPageInteractor.swift; sourceTree = "<group>"; };
		7D168FE8873CB7E64A32D273 /* Pods-ChattyTests.release.xcconfig */ = {isa = PBXFileReference; includeInIndex = 1; lastKnownFileType = text.xcconfig; name = "Pods-ChattyTests.release.xcconfig"; path = "Target Support Files/Pods-ChattyTests/Pods-ChattyTests.release.xcconfig"; sourceTree = "<group>"; };
		9C8D0C3488C062FA6FC431C2 /* Pods_Chatty.framework */ = {isa = PBXFileReference; explicitFileType = wrapper.framework; includeInIndex = 0; path = Pods_Chatty.framework; sourceTree = BUILT_PRODUCTS_DIR; };
		9EF486A127E82EE60AF73D14 /* Pods-Chatty-ChattyUITests.release.xcconfig */ = {isa = PBXFileReference; includeInIndex = 1; lastKnownFileType = text.xcconfig; name = "Pods-Chatty-ChattyUITests.release.xcconfig"; path = "Target Support Files/Pods-Chatty-ChattyUITests/Pods-Chatty-ChattyUITests.release.xcconfig"; sourceTree = "<group>"; };
		A968B49966ADE8DDF328C973 /* Pods-Chatty.debug.xcconfig */ = {isa = PBXFileReference; includeInIndex = 1; lastKnownFileType = text.xcconfig; name = "Pods-Chatty.debug.xcconfig"; path = "Target Support Files/Pods-Chatty/Pods-Chatty.debug.xcconfig"; sourceTree = "<group>"; };
		C5A2C792EDDF9E5251129780 /* Pods-Chatty.release.xcconfig */ = {isa = PBXFileReference; includeInIndex = 1; lastKnownFileType = text.xcconfig; name = "Pods-Chatty.release.xcconfig"; path = "Target Support Files/Pods-Chatty/Pods-Chatty.release.xcconfig"; sourceTree = "<group>"; };
		D837525B7B0077CE0D815BDB /* Pods_Chatty_ChattyUITests.framework */ = {isa = PBXFileReference; explicitFileType = wrapper.framework; includeInIndex = 0; path = Pods_Chatty_ChattyUITests.framework; sourceTree = BUILT_PRODUCTS_DIR; };
		D85D2A21E570D96531CDFB18 /* Pods-Chatty-ChattyUITests.debug.xcconfig */ = {isa = PBXFileReference; includeInIndex = 1; lastKnownFileType = text.xcconfig; name = "Pods-Chatty-ChattyUITests.debug.xcconfig"; path = "Target Support Files/Pods-Chatty-ChattyUITests/Pods-Chatty-ChattyUITests.debug.xcconfig"; sourceTree = "<group>"; };
		FAF11DC5852677C90DFFE021 /* Pods_ChattyTests.framework */ = {isa = PBXFileReference; explicitFileType = wrapper.framework; includeInIndex = 0; path = Pods_ChattyTests.framework; sourceTree = BUILT_PRODUCTS_DIR; };
/* End PBXFileReference section */

/* Begin PBXFrameworksBuildPhase section */
		228BF04024424FB60027D325 /* Frameworks */ = {
			isa = PBXFrameworksBuildPhase;
			buildActionMask = 2147483647;
			files = (
				FC2E824451772FC494906725 /* Pods_Chatty.framework in Frameworks */,
			);
			runOnlyForDeploymentPostprocessing = 0;
		};
		228BF05624424FBB0027D325 /* Frameworks */ = {
			isa = PBXFrameworksBuildPhase;
			buildActionMask = 2147483647;
			files = (
				F5154D7D1F38E1BF1DD8222A /* Pods_ChattyTests.framework in Frameworks */,
			);
			runOnlyForDeploymentPostprocessing = 0;
		};
		228BF06124424FBB0027D325 /* Frameworks */ = {
			isa = PBXFrameworksBuildPhase;
			buildActionMask = 2147483647;
			files = (
				561048D4FE190A99FE08DAF5 /* Pods_Chatty_ChattyUITests.framework in Frameworks */,
			);
			runOnlyForDeploymentPostprocessing = 0;
		};
/* End PBXFrameworksBuildPhase section */

/* Begin PBXGroup section */
		228BF03A24424FB60027D325 = {
			isa = PBXGroup;
			children = (
				228BF04524424FB60027D325 /* Chatty */,
				228BF05C24424FBB0027D325 /* ChattyTests */,
				228BF06724424FBB0027D325 /* ChattyUITests */,
				228BF04424424FB60027D325 /* Products */,
				7C14DB049E81304897E68BE4 /* Pods */,
				2D50AD217744CBDE566F1262 /* Frameworks */,
			);
			sourceTree = "<group>";
		};
		228BF04424424FB60027D325 /* Products */ = {
			isa = PBXGroup;
			children = (
				228BF04324424FB60027D325 /* Chatty.app */,
				228BF05924424FBB0027D325 /* ChattyTests.xctest */,
				228BF06424424FBB0027D325 /* ChattyUITests.xctest */,
			);
			name = Products;
			sourceTree = "<group>";
		};
		228BF04524424FB60027D325 /* Chatty */ = {
			isa = PBXGroup;
			children = (
				22C8DDB8244365F100EDCCA0 /* Common */,
				22F0FC6924425D08004CD2B3 /* Models */,
				22F0FC6A24425D0F004CD2B3 /* Services */,
				22F0FC6B24425D17004CD2B3 /* Scenes */,
				228BF04624424FB60027D325 /* AppDelegate.swift */,
				228BF04824424FB60027D325 /* SceneDelegate.swift */,
				228BF04C24424FB60027D325 /* Main.storyboard */,
				228BF04F24424FBB0027D325 /* Assets.xcassets */,
				228BF05124424FBB0027D325 /* LaunchScreen.storyboard */,
				228BF05424424FBB0027D325 /* Info.plist */,
				22F0FC672442524C004CD2B3 /* GoogleService-Info.plist */,
			);
			path = Chatty;
			sourceTree = "<group>";
		};
		228BF05C24424FBB0027D325 /* ChattyTests */ = {
			isa = PBXGroup;
			children = (
				228BF05D24424FBB0027D325 /* ChattyTests.swift */,
				228BF05F24424FBB0027D325 /* Info.plist */,
			);
			path = ChattyTests;
			sourceTree = "<group>";
		};
		228BF06724424FBB0027D325 /* ChattyUITests */ = {
			isa = PBXGroup;
			children = (
				228BF06824424FBB0027D325 /* ChattyUITests.swift */,
				228BF06A24424FBB0027D325 /* Info.plist */,
			);
			path = ChattyUITests;
			sourceTree = "<group>";
		};
		22C8DDAA2442633A00EDCCA0 /* RegisterPage */ = {
			isa = PBXGroup;
			children = (
				22C8DDAC2442635D00EDCCA0 /* RegisterPagePresenter.swift */,
				22C8DDAD2442635D00EDCCA0 /* RegisterPageWorker.swift */,
				22C8DDAE2442635D00EDCCA0 /* RegisterPageRouter.swift */,
				22C8DDAF2442635D00EDCCA0 /* RegisterPageModels.swift */,
				22C8DDB02442635D00EDCCA0 /* RegisterPageViewController.swift */,
				22C8DDB12442635D00EDCCA0 /* RegisterPageInteractor.swift */,
			);
			path = RegisterPage;
			sourceTree = "<group>";
		};
		22C8DDB8244365F100EDCCA0 /* Common */ = {
			isa = PBXGroup;
			children = (
				22C8DDB92443660D00EDCCA0 /* Validation.swift */,
				22C8DDBB2443F78400EDCCA0 /* TextFieldSettings.swift */,
				22C8DDBE2445EA7500EDCCA0 /* Result.swift */,
				222317272449B167007C23EB /* AlertManager.swift */,
				229AB746244D9A3800EB166B /* NavigationControllerUtil.swift */,
			);
			path = Common;
			sourceTree = "<group>";
		};
		22C8DDBD2445D58B00EDCCA0 /* ForgotPasswordPage */ = {
			isa = PBXGroup;
			children = (
				22C8DDC024461A6700EDCCA0 /* ForgotPasswordPagePresenter.swift */,
				22C8DDC124461A6700EDCCA0 /* ForgotPasswordPageWorker.swift */,
				22C8DDC224461A6700EDCCA0 /* ForgotPasswordPageRouter.swift */,
				22C8DDC324461A6700EDCCA0 /* ForgotPasswordPageModels.swift */,
				22C8DDC424461A6700EDCCA0 /* ForgotPasswordPageViewController.swift */,
				22C8DDC524461A6700EDCCA0 /* ForgotPasswordPageInteractor.swift */,
			);
			path = ForgotPasswordPage;
			sourceTree = "<group>";
		};
		22F0FC6924425D08004CD2B3 /* Models */ = {
			isa = PBXGroup;
			children = (
			);
			path = Models;
			sourceTree = "<group>";
		};
		22F0FC6A24425D0F004CD2B3 /* Services */ = {
			isa = PBXGroup;
			children = (
			);
			path = Services;
			sourceTree = "<group>";
		};
		22F0FC6B24425D17004CD2B3 /* Scenes */ = {
			isa = PBXGroup;
			children = (
				22C8DDBD2445D58B00EDCCA0 /* ForgotPasswordPage */,
				22F0FC6C24425D27004CD2B3 /* LoginPage */,
				22C8DDAA2442633A00EDCCA0 /* RegisterPage */,
				22F0FC6D24425D35004CD2B3 /* ChattingPage */,
			);
			path = Scenes;
			sourceTree = "<group>";
		};
		22F0FC6C24425D27004CD2B3 /* LoginPage */ = {
			isa = PBXGroup;
			children = (
				22F0FC6E24425D56004CD2B3 /* LoginPagePresenter.swift */,
				22F0FC6F24425D56004CD2B3 /* LoginPageWorker.swift */,
				22F0FC7024425D56004CD2B3 /* LoginPageRouter.swift */,
				22F0FC7124425D56004CD2B3 /* LoginPageModels.swift */,
				22F0FC7224425D56004CD2B3 /* LoginPageViewController.swift */,
				22F0FC7324425D56004CD2B3 /* LoginPageInteractor.swift */,
			);
			path = LoginPage;
			sourceTree = "<group>";
		};
		22F0FC6D24425D35004CD2B3 /* ChattingPage */ = {
			isa = PBXGroup;
			children = (
				22F0FC7A24425D63004CD2B3 /* ChattingPagePresenter.swift */,
				22F0FC7B24425D63004CD2B3 /* ChattingPageWorker.swift */,
				22F0FC7C24425D63004CD2B3 /* ChattingPageRouter.swift */,
				22F0FC7D24425D63004CD2B3 /* ChattingPageModels.swift */,
				22F0FC7E24425D63004CD2B3 /* ChattingPageViewController.swift */,
				22F0FC7F24425D63004CD2B3 /* ChattingPageInteractor.swift */,
				229AB748244DB59300EB166B /* MessagesTableViewCell.swift */,
			);
			path = ChattingPage;
			sourceTree = "<group>";
		};
		2D50AD217744CBDE566F1262 /* Frameworks */ = {
			isa = PBXGroup;
			children = (
				9C8D0C3488C062FA6FC431C2 /* Pods_Chatty.framework */,
				D837525B7B0077CE0D815BDB /* Pods_Chatty_ChattyUITests.framework */,
				FAF11DC5852677C90DFFE021 /* Pods_ChattyTests.framework */,
			);
			name = Frameworks;
			sourceTree = "<group>";
		};
		7C14DB049E81304897E68BE4 /* Pods */ = {
			isa = PBXGroup;
			children = (
				A968B49966ADE8DDF328C973 /* Pods-Chatty.debug.xcconfig */,
				C5A2C792EDDF9E5251129780 /* Pods-Chatty.release.xcconfig */,
				D85D2A21E570D96531CDFB18 /* Pods-Chatty-ChattyUITests.debug.xcconfig */,
				9EF486A127E82EE60AF73D14 /* Pods-Chatty-ChattyUITests.release.xcconfig */,
				158FD54CA057025E2FEDC4B7 /* Pods-ChattyTests.debug.xcconfig */,
				7D168FE8873CB7E64A32D273 /* Pods-ChattyTests.release.xcconfig */,
			);
			path = Pods;
			sourceTree = "<group>";
		};
/* End PBXGroup section */

/* Begin PBXNativeTarget section */
		228BF04224424FB60027D325 /* Chatty */ = {
			isa = PBXNativeTarget;
			buildConfigurationList = 228BF06D24424FBB0027D325 /* Build configuration list for PBXNativeTarget "Chatty" */;
			buildPhases = (
				F463EFF6D2EC63FDEA6092EA /* [CP] Check Pods Manifest.lock */,
				228BF03F24424FB60027D325 /* Sources */,
				228BF04024424FB60027D325 /* Frameworks */,
				228BF04124424FB60027D325 /* Resources */,
				4848A67BC8556C36595D0219 /* [CP] Embed Pods Frameworks */,
			);
			buildRules = (
			);
			dependencies = (
			);
			name = Chatty;
			productName = Chatty;
			productReference = 228BF04324424FB60027D325 /* Chatty.app */;
			productType = "com.apple.product-type.application";
		};
		228BF05824424FBB0027D325 /* ChattyTests */ = {
			isa = PBXNativeTarget;
			buildConfigurationList = 228BF07024424FBB0027D325 /* Build configuration list for PBXNativeTarget "ChattyTests" */;
			buildPhases = (
				CAA7ADC681DCC3D85DD5F1D0 /* [CP] Check Pods Manifest.lock */,
				228BF05524424FBB0027D325 /* Sources */,
				228BF05624424FBB0027D325 /* Frameworks */,
				228BF05724424FBB0027D325 /* Resources */,
			);
			buildRules = (
			);
			dependencies = (
				228BF05B24424FBB0027D325 /* PBXTargetDependency */,
			);
			name = ChattyTests;
			productName = ChattyTests;
			productReference = 228BF05924424FBB0027D325 /* ChattyTests.xctest */;
			productType = "com.apple.product-type.bundle.unit-test";
		};
		228BF06324424FBB0027D325 /* ChattyUITests */ = {
			isa = PBXNativeTarget;
			buildConfigurationList = 228BF07324424FBB0027D325 /* Build configuration list for PBXNativeTarget "ChattyUITests" */;
			buildPhases = (
				58C2C5A5EEEBFCD2FC860178 /* [CP] Check Pods Manifest.lock */,
				228BF06024424FBB0027D325 /* Sources */,
				228BF06124424FBB0027D325 /* Frameworks */,
				228BF06224424FBB0027D325 /* Resources */,
				902F61ACB363A239E3A45F38 /* [CP] Embed Pods Frameworks */,
			);
			buildRules = (
			);
			dependencies = (
				228BF06624424FBB0027D325 /* PBXTargetDependency */,
			);
			name = ChattyUITests;
			productName = ChattyUITests;
			productReference = 228BF06424424FBB0027D325 /* ChattyUITests.xctest */;
			productType = "com.apple.product-type.bundle.ui-testing";
		};
/* End PBXNativeTarget section */

/* Begin PBXProject section */
		228BF03B24424FB60027D325 /* Project object */ = {
			isa = PBXProject;
			attributes = {
				LastSwiftUpdateCheck = 1110;
				LastUpgradeCheck = 1110;
				ORGANIZATIONNAME = "Oguz Tandogan";
				TargetAttributes = {
					228BF04224424FB60027D325 = {
						CreatedOnToolsVersion = 11.1;
					};
					228BF05824424FBB0027D325 = {
						CreatedOnToolsVersion = 11.1;
						TestTargetID = 228BF04224424FB60027D325;
					};
					228BF06324424FBB0027D325 = {
						CreatedOnToolsVersion = 11.1;
						TestTargetID = 228BF04224424FB60027D325;
					};
				};
			};
			buildConfigurationList = 228BF03E24424FB60027D325 /* Build configuration list for PBXProject "Chatty" */;
			compatibilityVersion = "Xcode 9.3";
			developmentRegion = en;
			hasScannedForEncodings = 0;
			knownRegions = (
				en,
				Base,
			);
			mainGroup = 228BF03A24424FB60027D325;
			productRefGroup = 228BF04424424FB60027D325 /* Products */;
			projectDirPath = "";
			projectRoot = "";
			targets = (
				228BF04224424FB60027D325 /* Chatty */,
				228BF05824424FBB0027D325 /* ChattyTests */,
				228BF06324424FBB0027D325 /* ChattyUITests */,
			);
		};
/* End PBXProject section */

/* Begin PBXResourcesBuildPhase section */
		228BF04124424FB60027D325 /* Resources */ = {
			isa = PBXResourcesBuildPhase;
			buildActionMask = 2147483647;
			files = (
				228BF05324424FBB0027D325 /* LaunchScreen.storyboard in Resources */,
				22F0FC682442524C004CD2B3 /* GoogleService-Info.plist in Resources */,
				228BF05024424FBB0027D325 /* Assets.xcassets in Resources */,
				228BF04E24424FB60027D325 /* Main.storyboard in Resources */,
			);
			runOnlyForDeploymentPostprocessing = 0;
		};
		228BF05724424FBB0027D325 /* Resources */ = {
			isa = PBXResourcesBuildPhase;
			buildActionMask = 2147483647;
			files = (
			);
			runOnlyForDeploymentPostprocessing = 0;
		};
		228BF06224424FBB0027D325 /* Resources */ = {
			isa = PBXResourcesBuildPhase;
			buildActionMask = 2147483647;
			files = (
			);
			runOnlyForDeploymentPostprocessing = 0;
		};
/* End PBXResourcesBuildPhase section */

/* Begin PBXShellScriptBuildPhase section */
		4848A67BC8556C36595D0219 /* [CP] Embed Pods Frameworks */ = {
			isa = PBXShellScriptBuildPhase;
			buildActionMask = 2147483647;
			files = (
			);
			inputFileListPaths = (
				"${PODS_ROOT}/Target Support Files/Pods-Chatty/Pods-Chatty-frameworks-${CONFIGURATION}-input-files.xcfilelist",
			);
			name = "[CP] Embed Pods Frameworks";
			outputFileListPaths = (
				"${PODS_ROOT}/Target Support Files/Pods-Chatty/Pods-Chatty-frameworks-${CONFIGURATION}-output-files.xcfilelist",
			);
			runOnlyForDeploymentPostprocessing = 0;
			shellPath = /bin/sh;
			shellScript = "\"${PODS_ROOT}/Target Support Files/Pods-Chatty/Pods-Chatty-frameworks.sh\"\n";
			showEnvVarsInLog = 0;
		};
		58C2C5A5EEEBFCD2FC860178 /* [CP] Check Pods Manifest.lock */ = {
			isa = PBXShellScriptBuildPhase;
			buildActionMask = 2147483647;
			files = (
			);
			inputFileListPaths = (
			);
			inputPaths = (
				"${PODS_PODFILE_DIR_PATH}/Podfile.lock",
				"${PODS_ROOT}/Manifest.lock",
			);
			name = "[CP] Check Pods Manifest.lock";
			outputFileListPaths = (
			);
			outputPaths = (
				"$(DERIVED_FILE_DIR)/Pods-Chatty-ChattyUITests-checkManifestLockResult.txt",
			);
			runOnlyForDeploymentPostprocessing = 0;
			shellPath = /bin/sh;
			shellScript = "diff \"${PODS_PODFILE_DIR_PATH}/Podfile.lock\" \"${PODS_ROOT}/Manifest.lock\" > /dev/null\nif [ $? != 0 ] ; then\n    # print error to STDERR\n    echo \"error: The sandbox is not in sync with the Podfile.lock. Run 'pod install' or update your CocoaPods installation.\" >&2\n    exit 1\nfi\n# This output is used by Xcode 'outputs' to avoid re-running this script phase.\necho \"SUCCESS\" > \"${SCRIPT_OUTPUT_FILE_0}\"\n";
			showEnvVarsInLog = 0;
		};
		902F61ACB363A239E3A45F38 /* [CP] Embed Pods Frameworks */ = {
			isa = PBXShellScriptBuildPhase;
			buildActionMask = 2147483647;
			files = (
			);
			inputFileListPaths = (
				"${PODS_ROOT}/Target Support Files/Pods-Chatty-ChattyUITests/Pods-Chatty-ChattyUITests-frameworks-${CONFIGURATION}-input-files.xcfilelist",
			);
			name = "[CP] Embed Pods Frameworks";
			outputFileListPaths = (
				"${PODS_ROOT}/Target Support Files/Pods-Chatty-ChattyUITests/Pods-Chatty-ChattyUITests-frameworks-${CONFIGURATION}-output-files.xcfilelist",
			);
			runOnlyForDeploymentPostprocessing = 0;
			shellPath = /bin/sh;
			shellScript = "\"${PODS_ROOT}/Target Support Files/Pods-Chatty-ChattyUITests/Pods-Chatty-ChattyUITests-frameworks.sh\"\n";
			showEnvVarsInLog = 0;
		};
		CAA7ADC681DCC3D85DD5F1D0 /* [CP] Check Pods Manifest.lock */ = {
			isa = PBXShellScriptBuildPhase;
			buildActionMask = 2147483647;
			files = (
			);
			inputFileListPaths = (
			);
			inputPaths = (
				"${PODS_PODFILE_DIR_PATH}/Podfile.lock",
				"${PODS_ROOT}/Manifest.lock",
			);
			name = "[CP] Check Pods Manifest.lock";
			outputFileListPaths = (
			);
			outputPaths = (
				"$(DERIVED_FILE_DIR)/Pods-ChattyTests-checkManifestLockResult.txt",
			);
			runOnlyForDeploymentPostprocessing = 0;
			shellPath = /bin/sh;
			shellScript = "diff \"${PODS_PODFILE_DIR_PATH}/Podfile.lock\" \"${PODS_ROOT}/Manifest.lock\" > /dev/null\nif [ $? != 0 ] ; then\n    # print error to STDERR\n    echo \"error: The sandbox is not in sync with the Podfile.lock. Run 'pod install' or update your CocoaPods installation.\" >&2\n    exit 1\nfi\n# This output is used by Xcode 'outputs' to avoid re-running this script phase.\necho \"SUCCESS\" > \"${SCRIPT_OUTPUT_FILE_0}\"\n";
			showEnvVarsInLog = 0;
		};
		F463EFF6D2EC63FDEA6092EA /* [CP] Check Pods Manifest.lock */ = {
			isa = PBXShellScriptBuildPhase;
			buildActionMask = 2147483647;
			files = (
			);
			inputFileListPaths = (
			);
			inputPaths = (
				"${PODS_PODFILE_DIR_PATH}/Podfile.lock",
				"${PODS_ROOT}/Manifest.lock",
			);
			name = "[CP] Check Pods Manifest.lock";
			outputFileListPaths = (
			);
			outputPaths = (
				"$(DERIVED_FILE_DIR)/Pods-Chatty-checkManifestLockResult.txt",
			);
			runOnlyForDeploymentPostprocessing = 0;
			shellPath = /bin/sh;
			shellScript = "diff \"${PODS_PODFILE_DIR_PATH}/Podfile.lock\" \"${PODS_ROOT}/Manifest.lock\" > /dev/null\nif [ $? != 0 ] ; then\n    # print error to STDERR\n    echo \"error: The sandbox is not in sync with the Podfile.lock. Run 'pod install' or update your CocoaPods installation.\" >&2\n    exit 1\nfi\n# This output is used by Xcode 'outputs' to avoid re-running this script phase.\necho \"SUCCESS\" > \"${SCRIPT_OUTPUT_FILE_0}\"\n";
			showEnvVarsInLog = 0;
		};
/* End PBXShellScriptBuildPhase section */

/* Begin PBXSourcesBuildPhase section */
		228BF03F24424FB60027D325 /* Sources */ = {
			isa = PBXSourcesBuildPhase;
			buildActionMask = 2147483647;
			files = (
				22F0FC8024425D63004CD2B3 /* ChattingPagePresenter.swift in Sources */,
				22F0FC8424425D63004CD2B3 /* ChattingPageViewController.swift in Sources */,
				222317282449B167007C23EB /* AlertManager.swift in Sources */,
				22F0FC7524425D56004CD2B3 /* LoginPageWorker.swift in Sources */,
				22F0FC7724425D56004CD2B3 /* LoginPageModels.swift in Sources */,
				22C8DDB72442635D00EDCCA0 /* RegisterPageInteractor.swift in Sources */,
				22F0FC7424425D56004CD2B3 /* LoginPagePresenter.swift in Sources */,
				22C8DDB62442635D00EDCCA0 /* RegisterPageViewController.swift in Sources */,
				22C8DDC624461A6700EDCCA0 /* ForgotPasswordPagePresenter.swift in Sources */,
				22C8DDCB24461A6700EDCCA0 /* ForgotPasswordPageInteractor.swift in Sources */,
				22C8DDB52442635D00EDCCA0 /* RegisterPageModels.swift in Sources */,
				228BF04724424FB60027D325 /* AppDelegate.swift in Sources */,
				22F0FC8324425D63004CD2B3 /* ChattingPageModels.swift in Sources */,
				22C8DDC824461A6700EDCCA0 /* ForgotPasswordPageRouter.swift in Sources */,
				22C8DDBF2445EA7500EDCCA0 /* Result.swift in Sources */,
				22C8DDBC2443F78400EDCCA0 /* TextFieldSettings.swift in Sources */,
				229AB747244D9A3800EB166B /* NavigationControllerUtil.swift in Sources */,
				229AB749244DB59300EB166B /* MessagesTableViewCell.swift in Sources */,
				22F0FC7824425D56004CD2B3 /* LoginPageViewController.swift in Sources */,
				22C8DDB42442635D00EDCCA0 /* RegisterPageRouter.swift in Sources */,
				22F0FC8224425D63004CD2B3 /* ChattingPageRouter.swift in Sources */,
				22C8DDCA24461A6700EDCCA0 /* ForgotPasswordPageViewController.swift in Sources */,
				22C8DDC924461A6700EDCCA0 /* ForgotPasswordPageModels.swift in Sources */,
				22C8DDBA2443660D00EDCCA0 /* Validation.swift in Sources */,
				22F0FC8124425D63004CD2B3 /* ChattingPageWorker.swift in Sources */,
				22C8DDC724461A6700EDCCA0 /* ForgotPasswordPageWorker.swift in Sources */,
				22F0FC7924425D56004CD2B3 /* LoginPageInteractor.swift in Sources */,
				228BF04924424FB60027D325 /* SceneDelegate.swift in Sources */,
				22F0FC7624425D56004CD2B3 /* LoginPageRouter.swift in Sources */,
				22C8DDB22442635D00EDCCA0 /* RegisterPagePresenter.swift in Sources */,
				22F0FC8524425D63004CD2B3 /* ChattingPageInteractor.swift in Sources */,
				22C8DDB32442635D00EDCCA0 /* RegisterPageWorker.swift in Sources */,
			);
			runOnlyForDeploymentPostprocessing = 0;
		};
		228BF05524424FBB0027D325 /* Sources */ = {
			isa = PBXSourcesBuildPhase;
			buildActionMask = 2147483647;
			files = (
				228BF05E24424FBB0027D325 /* ChattyTests.swift in Sources */,
			);
			runOnlyForDeploymentPostprocessing = 0;
		};
		228BF06024424FBB0027D325 /* Sources */ = {
			isa = PBXSourcesBuildPhase;
			buildActionMask = 2147483647;
			files = (
				228BF06924424FBB0027D325 /* ChattyUITests.swift in Sources */,
			);
			runOnlyForDeploymentPostprocessing = 0;
		};
/* End PBXSourcesBuildPhase section */

/* Begin PBXTargetDependency section */
		228BF05B24424FBB0027D325 /* PBXTargetDependency */ = {
			isa = PBXTargetDependency;
			target = 228BF04224424FB60027D325 /* Chatty */;
			targetProxy = 228BF05A24424FBB0027D325 /* PBXContainerItemProxy */;
		};
		228BF06624424FBB0027D325 /* PBXTargetDependency */ = {
			isa = PBXTargetDependency;
			target = 228BF04224424FB60027D325 /* Chatty */;
			targetProxy = 228BF06524424FBB0027D325 /* PBXContainerItemProxy */;
		};
/* End PBXTargetDependency section */

/* Begin PBXVariantGroup section */
		228BF04C24424FB60027D325 /* Main.storyboard */ = {
			isa = PBXVariantGroup;
			children = (
				228BF04D24424FB60027D325 /* Base */,
			);
			name = Main.storyboard;
			sourceTree = "<group>";
		};
		228BF05124424FBB0027D325 /* LaunchScreen.storyboard */ = {
			isa = PBXVariantGroup;
			children = (
				228BF05224424FBB0027D325 /* Base */,
			);
			name = LaunchScreen.storyboard;
			sourceTree = "<group>";
		};
/* End PBXVariantGroup section */

/* Begin XCBuildConfiguration section */
		228BF06B24424FBB0027D325 /* Debug */ = {
			isa = XCBuildConfiguration;
			buildSettings = {
				ALWAYS_SEARCH_USER_PATHS = NO;
				CLANG_ANALYZER_NONNULL = YES;
				CLANG_ANALYZER_NUMBER_OBJECT_CONVERSION = YES_AGGRESSIVE;
				CLANG_CXX_LANGUAGE_STANDARD = "gnu++14";
				CLANG_CXX_LIBRARY = "libc++";
				CLANG_ENABLE_MODULES = YES;
				CLANG_ENABLE_OBJC_ARC = YES;
				CLANG_ENABLE_OBJC_WEAK = YES;
				CLANG_WARN_BLOCK_CAPTURE_AUTORELEASING = YES;
				CLANG_WARN_BOOL_CONVERSION = YES;
				CLANG_WARN_COMMA = YES;
				CLANG_WARN_CONSTANT_CONVERSION = YES;
				CLANG_WARN_DEPRECATED_OBJC_IMPLEMENTATIONS = YES;
				CLANG_WARN_DIRECT_OBJC_ISA_USAGE = YES_ERROR;
				CLANG_WARN_DOCUMENTATION_COMMENTS = YES;
				CLANG_WARN_EMPTY_BODY = YES;
				CLANG_WARN_ENUM_CONVERSION = YES;
				CLANG_WARN_INFINITE_RECURSION = YES;
				CLANG_WARN_INT_CONVERSION = YES;
				CLANG_WARN_NON_LITERAL_NULL_CONVERSION = YES;
				CLANG_WARN_OBJC_IMPLICIT_RETAIN_SELF = YES;
				CLANG_WARN_OBJC_LITERAL_CONVERSION = YES;
				CLANG_WARN_OBJC_ROOT_CLASS = YES_ERROR;
				CLANG_WARN_RANGE_LOOP_ANALYSIS = YES;
				CLANG_WARN_STRICT_PROTOTYPES = YES;
				CLANG_WARN_SUSPICIOUS_MOVE = YES;
				CLANG_WARN_UNGUARDED_AVAILABILITY = YES_AGGRESSIVE;
				CLANG_WARN_UNREACHABLE_CODE = YES;
				CLANG_WARN__DUPLICATE_METHOD_MATCH = YES;
				COPY_PHASE_STRIP = NO;
				DEBUG_INFORMATION_FORMAT = dwarf;
				ENABLE_STRICT_OBJC_MSGSEND = YES;
				ENABLE_TESTABILITY = YES;
				GCC_C_LANGUAGE_STANDARD = gnu11;
				GCC_DYNAMIC_NO_PIC = NO;
				GCC_NO_COMMON_BLOCKS = YES;
				GCC_OPTIMIZATION_LEVEL = 0;
				GCC_PREPROCESSOR_DEFINITIONS = (
					"DEBUG=1",
					"$(inherited)",
				);
				GCC_WARN_64_TO_32_BIT_CONVERSION = YES;
				GCC_WARN_ABOUT_RETURN_TYPE = YES_ERROR;
				GCC_WARN_UNDECLARED_SELECTOR = YES;
				GCC_WARN_UNINITIALIZED_AUTOS = YES_AGGRESSIVE;
				GCC_WARN_UNUSED_FUNCTION = YES;
				GCC_WARN_UNUSED_VARIABLE = YES;
				IPHONEOS_DEPLOYMENT_TARGET = 13.1;
				MTL_ENABLE_DEBUG_INFO = INCLUDE_SOURCE;
				MTL_FAST_MATH = YES;
				ONLY_ACTIVE_ARCH = YES;
				SDKROOT = iphoneos;
				SWIFT_ACTIVE_COMPILATION_CONDITIONS = DEBUG;
				SWIFT_OPTIMIZATION_LEVEL = "-Onone";
			};
			name = Debug;
		};
		228BF06C24424FBB0027D325 /* Release */ = {
			isa = XCBuildConfiguration;
			buildSettings = {
				ALWAYS_SEARCH_USER_PATHS = NO;
				CLANG_ANALYZER_NONNULL = YES;
				CLANG_ANALYZER_NUMBER_OBJECT_CONVERSION = YES_AGGRESSIVE;
				CLANG_CXX_LANGUAGE_STANDARD = "gnu++14";
				CLANG_CXX_LIBRARY = "libc++";
				CLANG_ENABLE_MODULES = YES;
				CLANG_ENABLE_OBJC_ARC = YES;
				CLANG_ENABLE_OBJC_WEAK = YES;
				CLANG_WARN_BLOCK_CAPTURE_AUTORELEASING = YES;
				CLANG_WARN_BOOL_CONVERSION = YES;
				CLANG_WARN_COMMA = YES;
				CLANG_WARN_CONSTANT_CONVERSION = YES;
				CLANG_WARN_DEPRECATED_OBJC_IMPLEMENTATIONS = YES;
				CLANG_WARN_DIRECT_OBJC_ISA_USAGE = YES_ERROR;
				CLANG_WARN_DOCUMENTATION_COMMENTS = YES;
				CLANG_WARN_EMPTY_BODY = YES;
				CLANG_WARN_ENUM_CONVERSION = YES;
				CLANG_WARN_INFINITE_RECURSION = YES;
				CLANG_WARN_INT_CONVERSION = YES;
				CLANG_WARN_NON_LITERAL_NULL_CONVERSION = YES;
				CLANG_WARN_OBJC_IMPLICIT_RETAIN_SELF = YES;
				CLANG_WARN_OBJC_LITERAL_CONVERSION = YES;
				CLANG_WARN_OBJC_ROOT_CLASS = YES_ERROR;
				CLANG_WARN_RANGE_LOOP_ANALYSIS = YES;
				CLANG_WARN_STRICT_PROTOTYPES = YES;
				CLANG_WARN_SUSPICIOUS_MOVE = YES;
				CLANG_WARN_UNGUARDED_AVAILABILITY = YES_AGGRESSIVE;
				CLANG_WARN_UNREACHABLE_CODE = YES;
				CLANG_WARN__DUPLICATE_METHOD_MATCH = YES;
				COPY_PHASE_STRIP = NO;
				DEBUG_INFORMATION_FORMAT = "dwarf-with-dsym";
				ENABLE_NS_ASSERTIONS = NO;
				ENABLE_STRICT_OBJC_MSGSEND = YES;
				GCC_C_LANGUAGE_STANDARD = gnu11;
				GCC_NO_COMMON_BLOCKS = YES;
				GCC_WARN_64_TO_32_BIT_CONVERSION = YES;
				GCC_WARN_ABOUT_RETURN_TYPE = YES_ERROR;
				GCC_WARN_UNDECLARED_SELECTOR = YES;
				GCC_WARN_UNINITIALIZED_AUTOS = YES_AGGRESSIVE;
				GCC_WARN_UNUSED_FUNCTION = YES;
				GCC_WARN_UNUSED_VARIABLE = YES;
				IPHONEOS_DEPLOYMENT_TARGET = 13.1;
				MTL_ENABLE_DEBUG_INFO = NO;
				MTL_FAST_MATH = YES;
				SDKROOT = iphoneos;
				SWIFT_COMPILATION_MODE = wholemodule;
				SWIFT_OPTIMIZATION_LEVEL = "-O";
				VALIDATE_PRODUCT = YES;
			};
			name = Release;
		};
		228BF06E24424FBB0027D325 /* Debug */ = {
			isa = XCBuildConfiguration;
			baseConfigurationReference = A968B49966ADE8DDF328C973 /* Pods-Chatty.debug.xcconfig */;
			buildSettings = {
				ASSETCATALOG_COMPILER_APPICON_NAME = AppIcon;
				CODE_SIGN_STYLE = Automatic;
				INFOPLIST_FILE = Chatty/Info.plist;
				LD_RUNPATH_SEARCH_PATHS = (
					"$(inherited)",
					"@executable_path/Frameworks",
				);
				PRODUCT_BUNDLE_IDENTIFIER = Ozz.Chatty;
				PRODUCT_NAME = "$(TARGET_NAME)";
				SWIFT_VERSION = 5.0;
				TARGETED_DEVICE_FAMILY = "1,2";
			};
			name = Debug;
		};
		228BF06F24424FBB0027D325 /* Release */ = {
			isa = XCBuildConfiguration;
			baseConfigurationReference = C5A2C792EDDF9E5251129780 /* Pods-Chatty.release.xcconfig */;
			buildSettings = {
				ASSETCATALOG_COMPILER_APPICON_NAME = AppIcon;
				CODE_SIGN_STYLE = Automatic;
				INFOPLIST_FILE = Chatty/Info.plist;
				LD_RUNPATH_SEARCH_PATHS = (
					"$(inherited)",
					"@executable_path/Frameworks",
				);
				PRODUCT_BUNDLE_IDENTIFIER = Ozz.Chatty;
				PRODUCT_NAME = "$(TARGET_NAME)";
				SWIFT_VERSION = 5.0;
				TARGETED_DEVICE_FAMILY = "1,2";
			};
			name = Release;
		};
		228BF07124424FBB0027D325 /* Debug */ = {
			isa = XCBuildConfiguration;
			baseConfigurationReference = 158FD54CA057025E2FEDC4B7 /* Pods-ChattyTests.debug.xcconfig */;
			buildSettings = {
				ALWAYS_EMBED_SWIFT_STANDARD_LIBRARIES = YES;
				BUNDLE_LOADER = "$(TEST_HOST)";
				CODE_SIGN_STYLE = Automatic;
				INFOPLIST_FILE = ChattyTests/Info.plist;
				IPHONEOS_DEPLOYMENT_TARGET = 13.1;
				LD_RUNPATH_SEARCH_PATHS = (
					"$(inherited)",
					"@executable_path/Frameworks",
					"@loader_path/Frameworks",
				);
				PRODUCT_BUNDLE_IDENTIFIER = Ozz.ChattyTests;
				PRODUCT_NAME = "$(TARGET_NAME)";
				SWIFT_VERSION = 5.0;
				TARGETED_DEVICE_FAMILY = "1,2";
				TEST_HOST = "$(BUILT_PRODUCTS_DIR)/Chatty.app/Chatty";
			};
			name = Debug;
		};
		228BF07224424FBB0027D325 /* Release */ = {
			isa = XCBuildConfiguration;
			baseConfigurationReference = 7D168FE8873CB7E64A32D273 /* Pods-ChattyTests.release.xcconfig */;
			buildSettings = {
				ALWAYS_EMBED_SWIFT_STANDARD_LIBRARIES = YES;
				BUNDLE_LOADER = "$(TEST_HOST)";
				CODE_SIGN_STYLE = Automatic;
				INFOPLIST_FILE = ChattyTests/Info.plist;
				IPHONEOS_DEPLOYMENT_TARGET = 13.1;
				LD_RUNPATH_SEARCH_PATHS = (
					"$(inherited)",
					"@executable_path/Frameworks",
					"@loader_path/Frameworks",
				);
				PRODUCT_BUNDLE_IDENTIFIER = Ozz.ChattyTests;
				PRODUCT_NAME = "$(TARGET_NAME)";
				SWIFT_VERSION = 5.0;
				TARGETED_DEVICE_FAMILY = "1,2";
				TEST_HOST = "$(BUILT_PRODUCTS_DIR)/Chatty.app/Chatty";
			};
			name = Release;
		};
		228BF07424424FBB0027D325 /* Debug */ = {
			isa = XCBuildConfiguration;
			baseConfigurationReference = D85D2A21E570D96531CDFB18 /* Pods-Chatty-ChattyUITests.debug.xcconfig */;
			buildSettings = {
				ALWAYS_EMBED_SWIFT_STANDARD_LIBRARIES = YES;
				CODE_SIGN_STYLE = Automatic;
				INFOPLIST_FILE = ChattyUITests/Info.plist;
				LD_RUNPATH_SEARCH_PATHS = (
					"$(inherited)",
					"@executable_path/Frameworks",
					"@loader_path/Frameworks",
				);
				PRODUCT_BUNDLE_IDENTIFIER = Ozz.ChattyUITests;
				PRODUCT_NAME = "$(TARGET_NAME)";
				SWIFT_VERSION = 5.0;
				TARGETED_DEVICE_FAMILY = "1,2";
				TEST_TARGET_NAME = Chatty;
			};
			name = Debug;
		};
		228BF07524424FBB0027D325 /* Release */ = {
			isa = XCBuildConfiguration;
			baseConfigurationReference = 9EF486A127E82EE60AF73D14 /* Pods-Chatty-ChattyUITests.release.xcconfig */;
			buildSettings = {
				ALWAYS_EMBED_SWIFT_STANDARD_LIBRARIES = YES;
				CODE_SIGN_STYLE = Automatic;
				INFOPLIST_FILE = ChattyUITests/Info.plist;
				LD_RUNPATH_SEARCH_PATHS = (
					"$(inherited)",
					"@executable_path/Frameworks",
					"@loader_path/Frameworks",
				);
				PRODUCT_BUNDLE_IDENTIFIER = Ozz.ChattyUITests;
				PRODUCT_NAME = "$(TARGET_NAME)";
				SWIFT_VERSION = 5.0;
				TARGETED_DEVICE_FAMILY = "1,2";
				TEST_TARGET_NAME = Chatty;
			};
			name = Release;
		};
/* End XCBuildConfiguration section */

/* Begin XCConfigurationList section */
		228BF03E24424FB60027D325 /* Build configuration list for PBXProject "Chatty" */ = {
			isa = XCConfigurationList;
			buildConfigurations = (
				228BF06B24424FBB0027D325 /* Debug */,
				228BF06C24424FBB0027D325 /* Release */,
			);
			defaultConfigurationIsVisible = 0;
			defaultConfigurationName = Release;
		};
		228BF06D24424FBB0027D325 /* Build configuration list for PBXNativeTarget "Chatty" */ = {
			isa = XCConfigurationList;
			buildConfigurations = (
				228BF06E24424FBB0027D325 /* Debug */,
				228BF06F24424FBB0027D325 /* Release */,
			);
			defaultConfigurationIsVisible = 0;
			defaultConfigurationName = Release;
		};
		228BF07024424FBB0027D325 /* Build configuration list for PBXNativeTarget "ChattyTests" */ = {
			isa = XCConfigurationList;
			buildConfigurations = (
				228BF07124424FBB0027D325 /* Debug */,
				228BF07224424FBB0027D325 /* Release */,
			);
			defaultConfigurationIsVisible = 0;
			defaultConfigurationName = Release;
		};
		228BF07324424FBB0027D325 /* Build configuration list for PBXNativeTarget "ChattyUITests" */ = {
			isa = XCConfigurationList;
			buildConfigurations = (
				228BF07424424FBB0027D325 /* Debug */,
				228BF07524424FBB0027D325 /* Release */,
			);
			defaultConfigurationIsVisible = 0;
			defaultConfigurationName = Release;
		};
/* End XCConfigurationList section */
	};
	rootObject = 228BF03B24424FB60027D325 /* Project object */;
}
